
Microsoft Visual Studio Solution File, Format Version 12.00
# Visual Studio Version 17
VisualStudioVersion = 17.10.35013.160
MinimumVisualStudioVersion = 10.0.40219.1
Project("{FAE04EC0-301F-11D3-BF4B-00C04F79EFBC}") = "Entities", "Entities\Entities.csproj", "{F5F96A8E-7D68-4401-A567-EC4C45B698EB}"
EndProject
Project("{FAE04EC0-301F-11D3-BF4B-00C04F79EFBC}") = "DAL", "DAL\DAL.csproj", "{3BB40655-01FE-41FD-8A0C-94C7CA23AF26}"
EndProject
Project("{FAE04EC0-301F-11D3-BF4B-00C04F79EFBC}") = "BackEnd", "BackEnd\BackEnd.csproj", "{9B412F90-F1F6-486F-85A9-A5DFBEFCE0DC}"
EndProject
Global
	GlobalSection(SolutionConfigurationPlatforms) = preSolution
		Debug|Any CPU = Debug|Any CPU
		Release|Any CPU = Release|Any CPU
	EndGlobalSection
	GlobalSection(ProjectConfigurationPlatforms) = postSolution
		{F5F96A8E-7D68-4401-A567-EC4C45B698EB}.Debug|Any CPU.ActiveCfg = Debug|Any CPU
		{F5F96A8E-7D68-4401-A567-EC4C45B698EB}.Debug|Any CPU.Build.0 = Debug|Any CPU
		{F5F96A8E-7D68-4401-A567-EC4C45B698EB}.Release|Any CPU.ActiveCfg = Release|Any CPU
		{F5F96A8E-7D68-4401-A567-EC4C45B698EB}.Release|Any CPU.Build.0 = Release|Any CPU
		{3BB40655-01FE-41FD-8A0C-94C7CA23AF26}.Debug|Any CPU.ActiveCfg = Debug|Any CPU
		{3BB40655-01FE-41FD-8A0C-94C7CA23AF26}.Debug|Any CPU.Build.0 = Debug|Any CPU
		{3BB40655-01FE-41FD-8A0C-94C7CA23AF26}.Release|Any CPU.ActiveCfg = Release|Any CPU
		{3BB40655-01FE-41FD-8A0C-94C7CA23AF26}.Release|Any CPU.Build.0 = Release|Any CPU
		{9B412F90-F1F6-486F-85A9-A5DFBEFCE0DC}.Debug|Any CPU.ActiveCfg = Debug|Any CPU
		{9B412F90-F1F6-486F-85A9-A5DFBEFCE0DC}.Debug|Any CPU.Build.0 = Debug|Any CPU
		{9B412F90-F1F6-486F-85A9-A5DFBEFCE0DC}.Release|Any CPU.ActiveCfg = Release|Any CPU
		{9B412F90-F1F6-486F-85A9-A5DFBEFCE0DC}.Release|Any CPU.Build.0 = Release|Any CPU
	EndGlobalSection
	GlobalSection(SolutionProperties) = preSolution
		HideSolutionNode = FALSE
	EndGlobalSection
	GlobalSection(ExtensibilityGlobals) = postSolution
		SolutionGuid = {6DDDC3A5-3CF4-4927-A817-7A8147F7349D}
	EndGlobalSection
EndGlobal
